// !$*UTF8*$!
{
	archiveVersion = 1;
	classes = {
	};
	objectVersion = 46;
	objects = {

/* Begin PBXBuildFile section */
		71A22C9D1DC1F49100C02619 /* AppDelegate.swift in Sources */ = {isa = PBXBuildFile; fileRef = 71A22C9C1DC1F49100C02619 /* AppDelegate.swift */; };
		71A22C9F1DC1F49100C02619 /* HomeViewController.swift in Sources */ = {isa = PBXBuildFile; fileRef = 71A22C9E1DC1F49100C02619 /* HomeViewController.swift */; };
		71A22CA21DC1F49100C02619 /* Main.storyboard in Resources */ = {isa = PBXBuildFile; fileRef = 71A22CA01DC1F49100C02619 /* Main.storyboard */; };
		71A22CA41DC1F49100C02619 /* Assets.xcassets in Resources */ = {isa = PBXBuildFile; fileRef = 71A22CA31DC1F49100C02619 /* Assets.xcassets */; };
		71A22CA71DC1F49100C02619 /* LaunchScreen.storyboard in Resources */ = {isa = PBXBuildFile; fileRef = 71A22CA51DC1F49100C02619 /* LaunchScreen.storyboard */; };
		71A22CBA1DC1F5BD00C02619 /* libCobalt.a in Frameworks */ = {isa = PBXBuildFile; fileRef = 71A22CB51DC1F58800C02619 /* libCobalt.a */; };
		71A22CBB1DC1F5BF00C02619 /* Cobalt.bundle in Resources */ = {isa = PBXBuildFile; fileRef = 71A22CB71DC1F58800C02619 /* Cobalt.bundle */; };
		71A22CBF1DC1F76600C02619 /* common in Resources */ = {isa = PBXBuildFile; fileRef = 71A22CBE1DC1F76600C02619 /* common */; };
		71A22CC11DC1F76E00C02619 /* platform in Resources */ = {isa = PBXBuildFile; fileRef = 71A22CC01DC1F76E00C02619 /* platform */; };
/* End PBXBuildFile section */

/* Begin PBXContainerItemProxy section */
		71A22CB41DC1F58800C02619 /* PBXContainerItemProxy */ = {
			isa = PBXContainerItemProxy;
			containerPortal = 71A22CAE1DC1F58800C02619 /* Cobalt.xcodeproj */;
			proxyType = 2;
			remoteGlobalIDString = BE31EB1B1C3EC52100141B6E;
			remoteInfo = Cobalt;
		};
		71A22CB61DC1F58800C02619 /* PBXContainerItemProxy */ = {
			isa = PBXContainerItemProxy;
			containerPortal = 71A22CAE1DC1F58800C02619 /* Cobalt.xcodeproj */;
			proxyType = 2;
			remoteGlobalIDString = BEFF884A1C4541FD0063AA18;
			remoteInfo = CobaltResources;
		};
		71A22CB81DC1F5B900C02619 /* PBXContainerItemProxy */ = {
			isa = PBXContainerItemProxy;
			containerPortal = 71A22CAE1DC1F58800C02619 /* Cobalt.xcodeproj */;
			proxyType = 1;
			remoteGlobalIDString = BEFF882F1C3ED3BC0063AA18;
			remoteInfo = Framework;
		};
/* End PBXContainerItemProxy section */

/* Begin PBXFileReference section */
		71A22C991DC1F49100C02619 /* SampleAngular.app */ = {isa = PBXFileReference; explicitFileType = wrapper.application; includeInIndex = 0; path = SampleAngular.app; sourceTree = BUILT_PRODUCTS_DIR; };
		71A22C9C1DC1F49100C02619 /* AppDelegate.swift */ = {isa = PBXFileReference; lastKnownFileType = sourcecode.swift; path = AppDelegate.swift; sourceTree = "<group>"; };
		71A22C9E1DC1F49100C02619 /* HomeViewController.swift */ = {isa = PBXFileReference; lastKnownFileType = sourcecode.swift; path = HomeViewController.swift; sourceTree = "<group>"; };
		71A22CA11DC1F49100C02619 /* Base */ = {isa = PBXFileReference; lastKnownFileType = file.storyboard; name = Base; path = Base.lproj/Main.storyboard; sourceTree = "<group>"; };
		71A22CA31DC1F49100C02619 /* Assets.xcassets */ = {isa = PBXFileReference; lastKnownFileType = folder.assetcatalog; path = Assets.xcassets; sourceTree = "<group>"; };
		71A22CA61DC1F49100C02619 /* Base */ = {isa = PBXFileReference; lastKnownFileType = file.storyboard; name = Base; path = Base.lproj/LaunchScreen.storyboard; sourceTree = "<group>"; };
		71A22CA81DC1F49100C02619 /* Info.plist */ = {isa = PBXFileReference; lastKnownFileType = text.plist.xml; path = Info.plist; sourceTree = "<group>"; };
		71A22CAE1DC1F58800C02619 /* Cobalt.xcodeproj */ = {isa = PBXFileReference; lastKnownFileType = "wrapper.pb-project"; name = Cobalt.xcodeproj; path = Cobalt/Cobalt.xcodeproj; sourceTree = "<group>"; };
		71A22CBE1DC1F76600C02619 /* common */ = {isa = PBXFileReference; lastKnownFileType = folder; name = common; path = www/common; sourceTree = "<group>"; };
		71A22CC01DC1F76E00C02619 /* platform */ = {isa = PBXFileReference; lastKnownFileType = folder; name = platform; path = www/platform; sourceTree = "<group>"; };
/* End PBXFileReference section */

/* Begin PBXFrameworksBuildPhase section */
		71A22C961DC1F49100C02619 /* Frameworks */ = {
			isa = PBXFrameworksBuildPhase;
			buildActionMask = 2147483647;
			files = (
				71A22CBA1DC1F5BD00C02619 /* libCobalt.a in Frameworks */,
			);
			runOnlyForDeploymentPostprocessing = 0;
		};
/* End PBXFrameworksBuildPhase section */

/* Begin PBXGroup section */
		71A22C901DC1F49100C02619 = {
			isa = PBXGroup;
			children = (
				71A22CC01DC1F76E00C02619 /* platform */,
				71A22CBE1DC1F76600C02619 /* common */,
				71A22C9B1DC1F49100C02619 /* SampleAngular */,
				71A22C9A1DC1F49100C02619 /* Products */,
				71A22CAE1DC1F58800C02619 /* Cobalt.xcodeproj */,
			);
			sourceTree = "<group>";
		};
		71A22C9A1DC1F49100C02619 /* Products */ = {
			isa = PBXGroup;
			children = (
				71A22C991DC1F49100C02619 /* SampleAngular.app */,
			);
			name = Products;
			sourceTree = "<group>";
		};
		71A22C9B1DC1F49100C02619 /* SampleAngular */ = {
			isa = PBXGroup;
			children = (
				71A22C9C1DC1F49100C02619 /* AppDelegate.swift */,
				71A22C9E1DC1F49100C02619 /* HomeViewController.swift */,
				71A22CA01DC1F49100C02619 /* Main.storyboard */,
				71A22CA31DC1F49100C02619 /* Assets.xcassets */,
				71A22CA51DC1F49100C02619 /* LaunchScreen.storyboard */,
				71A22CA81DC1F49100C02619 /* Info.plist */,
			);
			path = SampleAngular;
			sourceTree = "<group>";
		};
		71A22CAF1DC1F58800C02619 /* Products */ = {
			isa = PBXGroup;
			children = (
				71A22CB51DC1F58800C02619 /* libCobalt.a */,
				71A22CB71DC1F58800C02619 /* Cobalt.bundle */,
			);
			name = Products;
			sourceTree = "<group>";
		};
/* End PBXGroup section */

/* Begin PBXNativeTarget section */
		71A22C981DC1F49100C02619 /* SampleAngular */ = {
			isa = PBXNativeTarget;
			buildConfigurationList = 71A22CAB1DC1F49100C02619 /* Build configuration list for PBXNativeTarget "SampleAngular" */;
			buildPhases = (
				71A22C951DC1F49100C02619 /* Sources */,
				71A22C961DC1F49100C02619 /* Frameworks */,
				71A22C971DC1F49100C02619 /* Resources */,
			);
			buildRules = (
			);
			dependencies = (
				71A22CB91DC1F5B900C02619 /* PBXTargetDependency */,
			);
			name = SampleAngular;
			productName = SampleAngular;
			productReference = 71A22C991DC1F49100C02619 /* SampleAngular.app */;
			productType = "com.apple.product-type.application";
		};
/* End PBXNativeTarget section */

/* Begin PBXProject section */
		71A22C911DC1F49100C02619 /* Project object */ = {
			isa = PBXProject;
			attributes = {
				LastSwiftUpdateCheck = 0800;
				LastUpgradeCheck = 0800;
				ORGANIZATIONNAME = Cobaltians;
				TargetAttributes = {
					71A22C981DC1F49100C02619 = {
						CreatedOnToolsVersion = 8.0;
						DevelopmentTeam = 6ZSRHXKTC9;
						ProvisioningStyle = Automatic;
					};
				};
			};
			buildConfigurationList = 71A22C941DC1F49100C02619 /* Build configuration list for PBXProject "SampleAngular" */;
			compatibilityVersion = "Xcode 3.2";
			developmentRegion = English;
			hasScannedForEncodings = 0;
			knownRegions = (
				en,
				Base,
			);
			mainGroup = 71A22C901DC1F49100C02619;
			productRefGroup = 71A22C9A1DC1F49100C02619 /* Products */;
			projectDirPath = "";
			projectReferences = (
				{
					ProductGroup = 71A22CAF1DC1F58800C02619 /* Products */;
					ProjectRef = 71A22CAE1DC1F58800C02619 /* Cobalt.xcodeproj */;
				},
			);
			projectRoot = "";
			targets = (
				71A22C981DC1F49100C02619 /* SampleAngular */,
			);
		};
/* End PBXProject section */

/* Begin PBXReferenceProxy section */
		71A22CB51DC1F58800C02619 /* libCobalt.a */ = {
			isa = PBXReferenceProxy;
			fileType = archive.ar;
			path = libCobalt.a;
			remoteRef = 71A22CB41DC1F58800C02619 /* PBXContainerItemProxy */;
			sourceTree = BUILT_PRODUCTS_DIR;
		};
		71A22CB71DC1F58800C02619 /* Cobalt.bundle */ = {
			isa = PBXReferenceProxy;
			fileType = wrapper.cfbundle;
			path = Cobalt.bundle;
			remoteRef = 71A22CB61DC1F58800C02619 /* PBXContainerItemProxy */;
			sourceTree = BUILT_PRODUCTS_DIR;
		};
/* End PBXReferenceProxy section */

/* Begin PBXResourcesBuildPhase section */
		71A22C971DC1F49100C02619 /* Resources */ = {
			isa = PBXResourcesBuildPhase;
			buildActionMask = 2147483647;
			files = (
				71A22CBF1DC1F76600C02619 /* common in Resources */,
				71A22CA71DC1F49100C02619 /* LaunchScreen.storyboard in Resources */,
				71A22CA41DC1F49100C02619 /* Assets.xcassets in Resources */,
				71A22CC11DC1F76E00C02619 /* platform in Resources */,
				71A22CBB1DC1F5BF00C02619 /* Cobalt.bundle in Resources */,
				71A22CA21DC1F49100C02619 /* Main.storyboard in Resources */,
			);
			runOnlyForDeploymentPostprocessing = 0;
		};
/* End PBXResourcesBuildPhase section */

/* Begin PBXSourcesBuildPhase section */
		71A22C951DC1F49100C02619 /* Sources */ = {
			isa = PBXSourcesBuildPhase;
			buildActionMask = 2147483647;
			files = (
				71A22C9F1DC1F49100C02619 /* HomeViewController.swift in Sources */,
				71A22C9D1DC1F49100C02619 /* AppDelegate.swift in Sources */,
			);
			runOnlyForDeploymentPostprocessing = 0;
		};
/* End PBXSourcesBuildPhase section */

/* Begin PBXTargetDependency section */
		71A22CB91DC1F5B900C02619 /* PBXTargetDependency */ = {
			isa = PBXTargetDependency;
			name = Framework;
			targetProxy = 71A22CB81DC1F5B900C02619 /* PBXContainerItemProxy */;
		};
/* End PBXTargetDependency section */

/* Begin PBXVariantGroup section */
		71A22CA01DC1F49100C02619 /* Main.storyboard */ = {
			isa = PBXVariantGroup;
			children = (
				71A22CA11DC1F49100C02619 /* Base */,
			);
			name = Main.storyboard;
			sourceTree = "<group>";
		};
		71A22CA51DC1F49100C02619 /* LaunchScreen.storyboard */ = {
			isa = PBXVariantGroup;
			children = (
				71A22CA61DC1F49100C02619 /* Base */,
			);
			name = LaunchScreen.storyboard;
			sourceTree = "<group>";
		};
/* End PBXVariantGroup section */

/* Begin XCBuildConfiguration section */
		71A22CA91DC1F49100C02619 /* Debug */ = {
			isa = XCBuildConfiguration;
			buildSettings = {
				ALWAYS_SEARCH_USER_PATHS = NO;
				CLANG_ANALYZER_NONNULL = YES;
				CLANG_CXX_LANGUAGE_STANDARD = "gnu++0x";
				CLANG_CXX_LIBRARY = "libc++";
				CLANG_ENABLE_MODULES = YES;
				CLANG_ENABLE_OBJC_ARC = YES;
				CLANG_WARN_BOOL_CONVERSION = YES;
				CLANG_WARN_CONSTANT_CONVERSION = YES;
				CLANG_WARN_DIRECT_OBJC_ISA_USAGE = YES_ERROR;
				CLANG_WARN_DOCUMENTATION_COMMENTS = YES;
				CLANG_WARN_EMPTY_BODY = YES;
				CLANG_WARN_ENUM_CONVERSION = YES;
				CLANG_WARN_INFINITE_RECURSION = YES;
				CLANG_WARN_INT_CONVERSION = YES;
				CLANG_WARN_OBJC_ROOT_CLASS = YES_ERROR;
				CLANG_WARN_SUSPICIOUS_MOVES = YES;
				CLANG_WARN_UNREACHABLE_CODE = YES;
				CLANG_WARN__DUPLICATE_METHOD_MATCH = YES;
				"CODE_SIGN_IDENTITY[sdk=iphoneos*]" = "iPhone Developer";
				COPY_PHASE_STRIP = NO;
				DEBUG_INFORMATION_FORMAT = dwarf;
				ENABLE_STRICT_OBJC_MSGSEND = YES;
				ENABLE_TESTABILITY = YES;
				GCC_C_LANGUAGE_STANDARD = gnu99;
				GCC_DYNAMIC_NO_PIC = NO;
				GCC_NO_COMMON_BLOCKS = YES;
				GCC_OPTIMIZATION_LEVEL = 0;
				GCC_PREPROCESSOR_DEFINITIONS = (
					"DEBUG=1",
					"$(inherited)",
				);
				GCC_WARN_64_TO_32_BIT_CONVERSION = YES;
				GCC_WARN_ABOUT_RETURN_TYPE = YES_ERROR;
				GCC_WARN_UNDECLARED_SELECTOR = YES;
				GCC_WARN_UNINITIALIZED_AUTOS = YES_AGGRESSIVE;
				GCC_WARN_UNUSED_FUNCTION = YES;
				GCC_WARN_UNUSED_VARIABLE = YES;
				IPHONEOS_DEPLOYMENT_TARGET = 8.0;
				MTL_ENABLE_DEBUG_INFO = YES;
				ONLY_ACTIVE_ARCH = YES;
				SDKROOT = iphoneos;
				SWIFT_ACTIVE_COMPILATION_CONDITIONS = DEBUG;
				SWIFT_OBJC_BRIDGING_HEADER = "Cobalt/Cobalt/Cobalt-Bridging-Header.h";
				SWIFT_OPTIMIZATION_LEVEL = "-Onone";
				TARGETED_DEVICE_FAMILY = "1,2";
			};
			name = Debug;
		};
		71A22CAA1DC1F49100C02619 /* Release */ = {
			isa = XCBuildConfiguration;
			buildSettings = {
				ALWAYS_SEARCH_USER_PATHS = NO;
				CLANG_ANALYZER_NONNULL = YES;
				CLANG_CXX_LANGUAGE_STANDARD = "gnu++0x";
				CLANG_CXX_LIBRARY = "libc++";
				CLANG_ENABLE_MODULES = YES;
				CLANG_ENABLE_OBJC_ARC = YES;
				CLANG_WARN_BOOL_CONVERSION = YES;
				CLANG_WARN_CONSTANT_CONVERSION = YES;
				CLANG_WARN_DIRECT_OBJC_ISA_USAGE = YES_ERROR;
				CLANG_WARN_DOCUMENTATION_COMMENTS = YES;
				CLANG_WARN_EMPTY_BODY = YES;
				CLANG_WARN_ENUM_CONVERSION = YES;
				CLANG_WARN_INFINITE_RECURSION = YES;
				CLANG_WARN_INT_CONVERSION = YES;
				CLANG_WARN_OBJC_ROOT_CLASS = YES_ERROR;
				CLANG_WARN_SUSPICIOUS_MOVES = YES;
				CLANG_WARN_UNREACHABLE_CODE = YES;
				CLANG_WARN__DUPLICATE_METHOD_MATCH = YES;
				"CODE_SIGN_IDENTITY[sdk=iphoneos*]" = "iPhone Developer";
				COPY_PHASE_STRIP = NO;
				DEBUG_INFORMATION_FORMAT = "dwarf-with-dsym";
				ENABLE_NS_ASSERTIONS = NO;
				ENABLE_STRICT_OBJC_MSGSEND = YES;
				GCC_C_LANGUAGE_STANDARD = gnu99;
				GCC_NO_COMMON_BLOCKS = YES;
				GCC_WARN_64_TO_32_BIT_CONVERSION = YES;
				GCC_WARN_ABOUT_RETURN_TYPE = YES_ERROR;
				GCC_WARN_UNDECLARED_SELECTOR = YES;
				GCC_WARN_UNINITIALIZED_AUTOS = YES_AGGRESSIVE;
				GCC_WARN_UNUSED_FUNCTION = YES;
				GCC_WARN_UNUSED_VARIABLE = YES;
				IPHONEOS_DEPLOYMENT_TARGET = 8.0;
				MTL_ENABLE_DEBUG_INFO = NO;
				SDKROOT = iphoneos;
				SWIFT_OBJC_BRIDGING_HEADER = "Cobalt/Cobalt/Cobalt-Bridging-Header.h";
				SWIFT_OPTIMIZATION_LEVEL = "-Owholemodule";
				TARGETED_DEVICE_FAMILY = "1,2";
				VALIDATE_PRODUCT = YES;
			};
			name = Release;
		};
		71A22CAC1DC1F49100C02619 /* Debug */ = {
			isa = XCBuildConfiguration;
			buildSettings = {
				ASSETCATALOG_COMPILER_APPICON_NAME = AppIcon;
				DEVELOPMENT_TEAM = 6ZSRHXKTC9;
				INFOPLIST_FILE = SampleAngular/Info.plist;
				LD_RUNPATH_SEARCH_PATHS = "$(inherited) @executable_path/Frameworks";
				PRODUCT_BUNDLE_IDENTIFIER = org.cobaltians.SampleAngular;
				PRODUCT_NAME = "$(TARGET_NAME)";
				SWIFT_VERSION = 3.0;
			};
			name = Debug;
		};
		71A22CAD1DC1F49100C02619 /* Release */ = {
			isa = XCBuildConfiguration;
			buildSettings = {
				ASSETCATALOG_COMPILER_APPICON_NAME = AppIcon;
				DEVELOPMENT_TEAM = 6ZSRHXKTC9;
				INFOPLIST_FILE = SampleAngular/Info.plist;
				LD_RUNPATH_SEARCH_PATHS = "$(inherited) @executable_path/Frameworks";
				PRODUCT_BUNDLE_IDENTIFIER = org.cobaltians.SampleAngular;
				PRODUCT_NAME = "$(TARGET_NAME)";
				SWIFT_VERSION = 3.0;
			};
			name = Release;
		};
/* End XCBuildConfiguration section */

/* Begin XCConfigurationList section */
		71A22C941DC1F49100C02619 /* Build configuration list for PBXProject "SampleAngular" */ = {
			isa = XCConfigurationList;
			buildConfigurations = (
				71A22CA91DC1F49100C02619 /* Debug */,
				71A22CAA1DC1F49100C02619 /* Release */,
			);
			defaultConfigurationIsVisible = 0;
			defaultConfigurationName = Release;
		};
		71A22CAB1DC1F49100C02619 /* Build configuration list for PBXNativeTarget "SampleAngular" */ = {
			isa = XCConfigurationList;
			buildConfigurations = (
				71A22CAC1DC1F49100C02619 /* Debug */,
				71A22CAD1DC1F49100C02619 /* Release */,
			);
			defaultConfigurationIsVisible = 0;
			defaultConfigurationName = Release;
		};
/* End XCConfigurationList section */
	};
	rootObject = 71A22C911DC1F49100C02619 /* Project object */;
}
